{
  "nodes": {
    "ndg": {
      "inputs": {
        "nixpkgs": "nixpkgs"
      },
      "locked": {
        "lastModified": 1790364207,
        "narHash": "sha256-K+D08OIxsOF/gFHmYmbo4KCILRObE3QGDC/+kfaOpzU=",
        "owner": "feel-co",
        "repo": "ndg",
        "rev": "da8030f557f3b6ab81e48e99b334861429d049da",
        "type": "github"
      },
      "original": {
        "owner": "feel-co",
        "repo": "ndg",
        "type": "github"
      }
    },
    "nixos-core": {
      "inputs": {
        "nixpkgs": [
          "nixpkgs"
        ]
      },
      "locked": {
        "lastModified": 1777650426,
        "narHash": "sha256-4b8eKiaNV9V/0mLdZ/LdMEUDBHJ4J+FeaFY/lgATV60=",
        "owner": "feel-co",
        "repo": "nixos-core",
        "rev": "4198655df11c10266c89c4772feff35297fb6ba4",
        "type": "github"
      },
      "original": {
        "owner": "feel-co",
        "repo": "nixos-core",
        "type": "github"
      }
    },
    "nixpkgs": {
      "locked": {
        "lastModified": 1787498568,
        "narHash": "sha256-FoOSoBG7tEvOlGRTpWnVdY506Ner4y7r7UYO3OGgmE8=",
        "rev": "56c02bc00adcf003215cc4bd996d6efaf4cff188",
        "type": "tarball",
        "url": "https://releases.nixos.org/nixos/unstable/nixos-26.11pre1060451.56c02bc00adc/nixexprs.tar.xz?lastModified=1787498568&rev=56c02bc00adcf003215cc4bd996d6efaf4cff188"
      },
      "original": {
        "type": "tarball",
        "url": "https://channels.nixos.org/nixos-unstable/nixexprs.tar.xz"
      }
    },
    "nixpkgs_2": {
      "locked": {
        "lastModified": 1790463110,
        "narHash": "sha256-VZHcT2wKLkApBCACQ2SH4P1jVZUbbOA7jWAGi1MIViw=",
        "rev": "e158d9ed9b51c98974c5e66e1ba1c9e0255fecaa",
        "type": "tarball",
        "url": "https://releases.nixos.org/nixos/unstable/nixos-26.11pre1080189.e158d9ed9b51/nixexprs.tar.zst?lastModified=1790463110&rev=e158d9ed9b51c98974c5e66e1ba1c9e0255fecaa"
      },
      "original": {
        "type": "tarball",
        "url": "https://channels.nixos.org/nixos-unstable/nixexprs.tar.zst"
      }
    },
    "oci-tool": {
      "inputs": {
        "nixpkgs": [
          "nixpkgs"
        ]
      },
      "locked": {
        "lastModified": 1774480170,
        "narHash": "sha256-B5q5JJcM2o/0MZP08/jmT4trPsHwyeN1OXMzM5qilBo=",
        "owner": "damitusthyyeetus123",
        "repo": "oci-tool",
        "rev": "0c4f1eebd14e8190cab9038f69be77b3ae58115b",
        "type": "github"
      },
      "original": {
        "owner": "damitusthyyeetus123",
        "repo": "oci-tool",
        "type": "github"
      }
    },
    "root": {
      "inputs": {
        "ndg": "ndg",
        "nixos-core": "nixos-core",
        "nixpkgs": "nixpkgs_2",
        "oci-tool": "oci-tool"
      }
    }
  },
  "root": "root",
  "version": 7
}
