{
  "nodes": {
    "nixos-core": {
      "inputs": {
        "nixpkgs": [
          "nixpkgs"
        ]
      },
      "locked": {
        "lastModified": 1777650426,
        "narHash": "sha256-4b8eKiaNV9V/0mLdZ/LdMEUDBHJ4J+FeaFY/lgATV60=",
        "owner": "feel-co",
        "repo": "nixos-core",
        "rev": "4198655df11c10266c89c4772feff35297fb6ba4",
        "type": "github"
      },
      "original": {
        "owner": "feel-co",
        "repo": "nixos-core",
        "type": "github"
      }
    },
    "nixpkgs": {
      "locked": {
        "lastModified": 1777578337,
        "narHash": "sha256-Ad49moKWeXtKBJNy2ebiTQUEgdLyvGmTeykAQ9xM+Z4=",
        "owner": "nixos",
        "repo": "nixpkgs",
        "rev": "15f4ee454b1dce334612fa6843b3e05cf546efab",
        "type": "github"
      },
      "original": {
        "owner": "nixos",
        "ref": "nixos-unstable",
        "repo": "nixpkgs",
        "type": "github"
      }
    },
    "oci-tool": {
      "inputs": {
        "nixpkgs": [
          "nixpkgs"
        ]
      },
      "locked": {
        "lastModified": 1774480170,
        "narHash": "sha256-B5q5JJcM2o/0MZP08/jmT4trPsHwyeN1OXMzM5qilBo=",
        "owner": "damitusthyyeetus123",
        "repo": "oci-tool",
        "rev": "0c4f1eebd14e8190cab9038f69be77b3ae58115b",
        "type": "github"
      },
      "original": {
        "owner": "damitusthyyeetus123",
        "repo": "oci-tool",
        "type": "github"
      }
    },
    "root": {
      "inputs": {
        "nixos-core": "nixos-core",
        "nixpkgs": "nixpkgs",
        "oci-tool": "oci-tool"
      }
    }
  },
  "root": "root",
  "version": 7
}
