{
  "nodes": {
    "nixos-core": {
      "inputs": {
        "nixpkgs": "nixpkgs"
      },
      "locked": {
        "lastModified": 1777403266,
        "narHash": "sha256-XxnqaVhO9xlFw4Qdn43kHz+N08gZeFSaZzLtTdIskcs=",
        "owner": "feel-co",
        "repo": "nixos-core",
        "rev": "55d96c6bd4702588c0dbe4b6920fe6657d9a931a",
        "type": "github"
      },
      "original": {
        "owner": "feel-co",
        "ref": "notashelf/push-zpuvkpopymtz",
        "repo": "nixos-core",
        "type": "github"
      }
    },
    "nixpkgs": {
      "locked": {
        "lastModified": 1776169885,
        "narHash": "sha256-l/iNYDZ4bGOAFQY2q8y5OAfBBtrDAaPuRQqWaFHVRXM=",
        "owner": "nixos",
        "repo": "nixpkgs",
        "rev": "4bd9165a9165d7b5e33ae57f3eecbcb28fb231c9",
        "type": "github"
      },
      "original": {
        "owner": "nixos",
        "ref": "nixos-unstable",
        "repo": "nixpkgs",
        "type": "github"
      }
    },
    "nixpkgs_2": {
      "locked": {
        "lastModified": 1751011381,
        "narHash": "sha256-krGXKxvkBhnrSC/kGBmg5MyupUUT5R6IBCLEzx9jhMM=",
        "owner": "nixos",
        "repo": "nixpkgs",
        "rev": "30e2e2857ba47844aa71991daa6ed1fc678bcbb7",
        "type": "github"
      },
      "original": {
        "owner": "nixos",
        "ref": "nixos-unstable",
        "repo": "nixpkgs",
        "type": "github"
      }
    },
    "nixpkgs_3": {
      "locked": {
        "lastModified": 1773821835,
        "narHash": "sha256-TJ3lSQtW0E2JrznGVm8hOQGVpXjJyXY2guAxku2O9A4=",
        "owner": "nixos",
        "repo": "nixpkgs",
        "rev": "b40629efe5d6ec48dd1efba650c797ddbd39ace0",
        "type": "github"
      },
      "original": {
        "owner": "nixos",
        "ref": "nixos-unstable",
        "repo": "nixpkgs",
        "type": "github"
      }
    },
    "oci-tool": {
      "inputs": {
        "nixpkgs": "nixpkgs_3"
      },
      "locked": {
        "lastModified": 1774480170,
        "narHash": "sha256-B5q5JJcM2o/0MZP08/jmT4trPsHwyeN1OXMzM5qilBo=",
        "owner": "damitusthyyeetus123",
        "repo": "oci-tool",
        "rev": "0c4f1eebd14e8190cab9038f69be77b3ae58115b",
        "type": "github"
      },
      "original": {
        "owner": "damitusthyyeetus123",
        "repo": "oci-tool",
        "type": "github"
      }
    },
    "root": {
      "inputs": {
        "nixos-core": "nixos-core",
        "nixpkgs": "nixpkgs_2",
        "oci-tool": "oci-tool"
      }
    }
  },
  "root": "root",
  "version": 7
}
